<Solution>
    <Folder Name="/src/">
        <Project Path="src/TateYoko.App/TateYoko.App.csproj" />
        <Project Path="src/TateYoko.Engine/TateYoko.Engine.csproj" />
    </Folder>
    <Folder Name="/tests/">
        <Project Path="tests/TateYoko.App.Tests/TateYoko.App.Tests.csproj" />
        <Project Path="tests/TateYoko.Engine.Tests/TateYoko.Engine.Tests.csproj" />
    </Folder>
    <Folder Name="/tools/">
        <Project Path="tools/TateYoko.Icons/TateYoko.Icons.csproj" />
        <Project Path="tools/TateYoko.Notices/TateYoko.Notices.csproj" />
        <Project Path="tools/TateYoko.Pack/TateYoko.Pack.csproj" />
        <Project Path="tools/TateYoko.Quality/TateYoko.Quality.csproj" />
    </Folder>
</Solution>
