{
  "version": 1,
  "dependencies": {
    "net10.0": {
      "Magick.NET-Q16-AnyCPU": {
        "type": "Direct",
        "requested": "[14.17.1, )",
        "resolved": "14.17.1",
        "contentHash": "m7NksccmpXQiQoSsDyBpXkOFC3XV9/cM3chZp2bHPdi1QPTzSicljNwrKmGZiQnQUyOBznvzv+A3ROT3/eIqUg==",
        "dependencies": {
          "Magick.NET.Core": "14.17.1"
        }
      },
      "Magick.NET.Core": {
        "type": "Transitive",
        "resolved": "14.17.1",
        "contentHash": "4BBbU5l5DmdT9isSNGrIE/0VwAh29SoKMSDMiIvFBDqz6vQfG6EYBFJQOemdCH3xkMfesSzImOVPjnyMf/PIqA=="
      }
    }
  }
}