{
  "version": 1,
  "dependencies": {
    "net10.0": {
      "Magick.NET-Q16-AnyCPU": {
        "type": "Direct",
        "requested": "[14.16.0, )",
        "resolved": "14.16.0",
        "contentHash": "uVMuIVbL9+N1H/+fTgJAZydAirr2fbuvrHm+EXpXAIIOwLTHfik/HfiWhcAK5gjj0FJAXhquEgBMDJuODWKM1g==",
        "dependencies": {
          "Magick.NET.Core": "14.16.0"
        }
      },
      "Magick.NET.Core": {
        "type": "Transitive",
        "resolved": "14.16.0",
        "contentHash": "ddBX/Zb0sCsX4agqHdHeqUx+grfw8I7GFU+lgut3mtNl7roxbxemSQFGLIJXtzwPuAHxbaMtkXA+ijVl02EUhQ=="
      }
    }
  }
}